Microsoft Visual Studio Solution File, Format Version 11.00
# Visual Studio 2008

Project("{3B627528-DBF4-F4D6-AD80-FCE3F09F47C0}") = "Bill Splitter App", "Assembly-CSharp.csproj", "{BF7A7801-D361-B6CD-2B10-FF53F091FC7C}"
EndProject
Global
	GlobalSection(SolutionConfigurationPlatforms) = preSolution
		Debug|Any CPU = Debug|Any CPU
		Release|Any CPU = Release|Any CPU
	EndGlobalSection
	GlobalSection(ProjectConfigurationPlatforms) = postSolution
		{BF7A7801-D361-B6CD-2B10-FF53F091FC7C}.Debug|Any CPU.ActiveCfg = Debug|Any CPU
		{BF7A7801-D361-B6CD-2B10-FF53F091FC7C}.Debug|Any CPU.Build.0 = Debug|Any CPU
		{BF7A7801-D361-B6CD-2B10-FF53F091FC7C}.Release|Any CPU.ActiveCfg = Release|Any CPU
		{BF7A7801-D361-B6CD-2B10-FF53F091FC7C}.Release|Any CPU.Build.0 = Release|Any CPU
	EndGlobalSection
	GlobalSection(SolutionProperties) = preSolution
		HideSolutionNode = FALSE
	EndGlobalSection
	GlobalSection(MonoDevelopProperties) = preSolution
		StartupItem = Assembly-CSharp.csproj
	EndGlobalSection
EndGlobal
